
Microsoft Visual Studio Solution File, Format Version 12.00
# Visual Studio 15
VisualStudioVersion = 15.0.28010.2016
MinimumVisualStudioVersion = 10.0.40219.1
Project("{FAE04EC0-301F-11D3-BF4B-00C04F79EFBC}") = "Blizzard API Harvester", "Blizzard API Harvester.csproj", "{E33C5F0B-E269-44DF-BE1E-E0D1CB17AC4C}"
EndProject
Project("{FAE04EC0-301F-11D3-BF4B-00C04F79EFBC}") = "Classic Item Detector", "..\Classic Item Detector\Classic Item Detector.csproj", "{2C2E84BA-9ED1-4FDB-8F5F-C19CBF0D1A18}"
EndProject
Project("{FAE04EC0-301F-11D3-BF4B-00C04F79EFBC}") = "Item DB Compare Tool", "..\Item DB Compare Tool\Item DB Compare Tool.csproj", "{EC726264-8DB9-4DA1-811E-240E9D65AF6C}"
EndProject
Global
	GlobalSection(SolutionConfigurationPlatforms) = preSolution
		Debug|Any CPU = Debug|Any CPU
		Release|Any CPU = Release|Any CPU
		Test|Any CPU = Test|Any CPU
	EndGlobalSection
	GlobalSection(ProjectConfigurationPlatforms) = postSolution
		{E33C5F0B-E269-44DF-BE1E-E0D1CB17AC4C}.Debug|Any CPU.ActiveCfg = Debug|Any CPU
		{E33C5F0B-E269-44DF-BE1E-E0D1CB17AC4C}.Debug|Any CPU.Build.0 = Debug|Any CPU
		{E33C5F0B-E269-44DF-BE1E-E0D1CB17AC4C}.Release|Any CPU.ActiveCfg = Release|Any CPU
		{E33C5F0B-E269-44DF-BE1E-E0D1CB17AC4C}.Release|Any CPU.Build.0 = Release|Any CPU
		{E33C5F0B-E269-44DF-BE1E-E0D1CB17AC4C}.Test|Any CPU.ActiveCfg = Test|Any CPU
		{E33C5F0B-E269-44DF-BE1E-E0D1CB17AC4C}.Test|Any CPU.Build.0 = Test|Any CPU
		{2C2E84BA-9ED1-4FDB-8F5F-C19CBF0D1A18}.Debug|Any CPU.ActiveCfg = Debug|Any CPU
		{2C2E84BA-9ED1-4FDB-8F5F-C19CBF0D1A18}.Debug|Any CPU.Build.0 = Debug|Any CPU
		{2C2E84BA-9ED1-4FDB-8F5F-C19CBF0D1A18}.Release|Any CPU.ActiveCfg = Release|Any CPU
		{2C2E84BA-9ED1-4FDB-8F5F-C19CBF0D1A18}.Release|Any CPU.Build.0 = Release|Any CPU
		{2C2E84BA-9ED1-4FDB-8F5F-C19CBF0D1A18}.Test|Any CPU.ActiveCfg = Release|Any CPU
		{2C2E84BA-9ED1-4FDB-8F5F-C19CBF0D1A18}.Test|Any CPU.Build.0 = Release|Any CPU
		{EC726264-8DB9-4DA1-811E-240E9D65AF6C}.Debug|Any CPU.ActiveCfg = Debug|Any CPU
		{EC726264-8DB9-4DA1-811E-240E9D65AF6C}.Debug|Any CPU.Build.0 = Debug|Any CPU
		{EC726264-8DB9-4DA1-811E-240E9D65AF6C}.Release|Any CPU.ActiveCfg = Release|Any CPU
		{EC726264-8DB9-4DA1-811E-240E9D65AF6C}.Release|Any CPU.Build.0 = Release|Any CPU
		{EC726264-8DB9-4DA1-811E-240E9D65AF6C}.Test|Any CPU.ActiveCfg = Release|Any CPU
		{EC726264-8DB9-4DA1-811E-240E9D65AF6C}.Test|Any CPU.Build.0 = Release|Any CPU
	EndGlobalSection
	GlobalSection(SolutionProperties) = preSolution
		HideSolutionNode = FALSE
	EndGlobalSection
	GlobalSection(ExtensibilityGlobals) = postSolution
		SolutionGuid = {F9FC9757-64BA-47E3-9D58-A05DAD615EC8}
	EndGlobalSection
EndGlobal
