
Microsoft Visual Studio Solution File, Format Version 12.00
# Visual Studio Version 17
VisualStudioVersion = 17.4.33213.308
MinimumVisualStudioVersion = 10.0.40219.1
Project("{FAE04EC0-301F-11D3-BF4B-00C04F79EFBC}") = "Parser", "Parser.csproj", "{47D83200-8E21-487B-8F44-B08C7A1CBC82}"
EndProject
Project("{9A19103F-16F7-4668-BE54-9A1E7A4F7556}") = "CSVCleaner", "..\CSVCleaner\CSVCleaner.csproj", "{97F33281-E45C-4940-9275-987C16854C2C}"
EndProject
Global
	GlobalSection(SolutionConfigurationPlatforms) = preSolution
		Debug|Any CPU = Debug|Any CPU
		Debug|x86 = Debug|x86
		Release|Any CPU = Release|Any CPU
		Release|x86 = Release|x86
	EndGlobalSection
	GlobalSection(ProjectConfigurationPlatforms) = postSolution
		{47D83200-8E21-487B-8F44-B08C7A1CBC82}.Debug|Any CPU.ActiveCfg = Debug|x86
		{47D83200-8E21-487B-8F44-B08C7A1CBC82}.Debug|Any CPU.Build.0 = Debug|x86
		{47D83200-8E21-487B-8F44-B08C7A1CBC82}.Debug|x86.ActiveCfg = Release|x86
		{47D83200-8E21-487B-8F44-B08C7A1CBC82}.Release|Any CPU.ActiveCfg = Release|x86
		{47D83200-8E21-487B-8F44-B08C7A1CBC82}.Release|Any CPU.Build.0 = Release|x86
		{47D83200-8E21-487B-8F44-B08C7A1CBC82}.Release|x86.ActiveCfg = Release|x86
		{47D83200-8E21-487B-8F44-B08C7A1CBC82}.Release|x86.Build.0 = Release|x86
		{97F33281-E45C-4940-9275-987C16854C2C}.Debug|Any CPU.ActiveCfg = Debug|Any CPU
		{97F33281-E45C-4940-9275-987C16854C2C}.Debug|Any CPU.Build.0 = Debug|Any CPU
		{97F33281-E45C-4940-9275-987C16854C2C}.Debug|x86.ActiveCfg = Debug|x86
		{97F33281-E45C-4940-9275-987C16854C2C}.Debug|x86.Build.0 = Debug|x86
		{97F33281-E45C-4940-9275-987C16854C2C}.Release|Any CPU.ActiveCfg = Release|Any CPU
		{97F33281-E45C-4940-9275-987C16854C2C}.Release|Any CPU.Build.0 = Release|Any CPU
		{97F33281-E45C-4940-9275-987C16854C2C}.Release|x86.ActiveCfg = Release|x86
		{97F33281-E45C-4940-9275-987C16854C2C}.Release|x86.Build.0 = Release|x86
	EndGlobalSection
	GlobalSection(SolutionProperties) = preSolution
		HideSolutionNode = FALSE
	EndGlobalSection
	GlobalSection(ExtensibilityGlobals) = postSolution
		SolutionGuid = {DD19410C-AC50-42F9-A7E5-71EBFC0D91EE}
	EndGlobalSection
EndGlobal
