
Microsoft Visual Studio Solution File, Format Version 12.00
# Visual Studio Version 17
VisualStudioVersion = 17.2.32526.322
MinimumVisualStudioVersion = 10.0.40219.1
Project("{FAE04EC0-301F-11D3-BF4B-00C04F79EFBC}") = "Parser V2", "Parser V2.csproj", "{47D83200-8E21-487B-8F44-B08C7A1CBC82}"
EndProject
Project("{FAE04EC0-301F-11D3-BF4B-00C04F79EFBC}") = "ATT", "..\ATT\ATT.csproj", "{98091A91-EC2A-4B0F-9400-89FC8CBCAC8B}"
EndProject
Project("{FAE04EC0-301F-11D3-BF4B-00C04F79EFBC}") = "Item DB Compiler", "..\Item DB Compiler\Item DB Compiler.csproj", "{5BC33C43-A046-4716-AD91-1CB1DEDCB5AD}"
EndProject
Global
	GlobalSection(SolutionConfigurationPlatforms) = preSolution
		CATA|Any CPU = CATA|Any CPU
		CATA|x86 = CATA|x86
		Classic|Any CPU = Classic|Any CPU
		Classic|x86 = Classic|x86
		PTR|Any CPU = PTR|Any CPU
		PTR|x86 = PTR|x86
		Retail_Debug|Any CPU = Retail_Debug|Any CPU
		Retail_Debug|x86 = Retail_Debug|x86
		Retail|Any CPU = Retail|Any CPU
		Retail|x86 = Retail|x86
		TBC|Any CPU = TBC|Any CPU
		TBC|x86 = TBC|x86
		Wrath|Any CPU = Wrath|Any CPU
		Wrath|x86 = Wrath|x86
	EndGlobalSection
	GlobalSection(ProjectConfigurationPlatforms) = postSolution
		{47D83200-8E21-487B-8F44-B08C7A1CBC82}.CATA|Any CPU.ActiveCfg = CATA|x86
		{47D83200-8E21-487B-8F44-B08C7A1CBC82}.CATA|Any CPU.Build.0 = CATA|x86
		{47D83200-8E21-487B-8F44-B08C7A1CBC82}.CATA|x86.ActiveCfg = CATA|x86
		{47D83200-8E21-487B-8F44-B08C7A1CBC82}.CATA|x86.Build.0 = CATA|x86
		{47D83200-8E21-487B-8F44-B08C7A1CBC82}.Classic|Any CPU.ActiveCfg = Classic|x86
		{47D83200-8E21-487B-8F44-B08C7A1CBC82}.Classic|Any CPU.Build.0 = Classic|x86
		{47D83200-8E21-487B-8F44-B08C7A1CBC82}.Classic|x86.ActiveCfg = Classic|x86
		{47D83200-8E21-487B-8F44-B08C7A1CBC82}.Classic|x86.Build.0 = Classic|x86
		{47D83200-8E21-487B-8F44-B08C7A1CBC82}.PTR|Any CPU.ActiveCfg = PTR|x86
		{47D83200-8E21-487B-8F44-B08C7A1CBC82}.PTR|Any CPU.Build.0 = PTR|x86
		{47D83200-8E21-487B-8F44-B08C7A1CBC82}.PTR|x86.ActiveCfg = PTR|x86
		{47D83200-8E21-487B-8F44-B08C7A1CBC82}.PTR|x86.Build.0 = PTR|x86
		{47D83200-8E21-487B-8F44-B08C7A1CBC82}.Retail_Debug|Any CPU.ActiveCfg = Retail_Debug|x86
		{47D83200-8E21-487B-8F44-B08C7A1CBC82}.Retail_Debug|Any CPU.Build.0 = Retail_Debug|x86
		{47D83200-8E21-487B-8F44-B08C7A1CBC82}.Retail_Debug|x86.ActiveCfg = Retail|x86
		{47D83200-8E21-487B-8F44-B08C7A1CBC82}.Retail|Any CPU.ActiveCfg = Retail|x86
		{47D83200-8E21-487B-8F44-B08C7A1CBC82}.Retail|Any CPU.Build.0 = Retail|x86
		{47D83200-8E21-487B-8F44-B08C7A1CBC82}.Retail|x86.ActiveCfg = Retail|x86
		{47D83200-8E21-487B-8F44-B08C7A1CBC82}.Retail|x86.Build.0 = Retail|x86
		{47D83200-8E21-487B-8F44-B08C7A1CBC82}.TBC|Any CPU.ActiveCfg = TBC|x86
		{47D83200-8E21-487B-8F44-B08C7A1CBC82}.TBC|Any CPU.Build.0 = TBC|x86
		{47D83200-8E21-487B-8F44-B08C7A1CBC82}.TBC|x86.ActiveCfg = TBC|x86
		{47D83200-8E21-487B-8F44-B08C7A1CBC82}.TBC|x86.Build.0 = TBC|x86
		{47D83200-8E21-487B-8F44-B08C7A1CBC82}.Wrath|Any CPU.ActiveCfg = Wrath|x86
		{47D83200-8E21-487B-8F44-B08C7A1CBC82}.Wrath|Any CPU.Build.0 = Wrath|x86
		{47D83200-8E21-487B-8F44-B08C7A1CBC82}.Wrath|x86.ActiveCfg = Wrath|x86
		{47D83200-8E21-487B-8F44-B08C7A1CBC82}.Wrath|x86.Build.0 = Wrath|x86
		{98091A91-EC2A-4B0F-9400-89FC8CBCAC8B}.CATA|Any CPU.ActiveCfg = Classic|Any CPU
		{98091A91-EC2A-4B0F-9400-89FC8CBCAC8B}.CATA|Any CPU.Build.0 = Classic|Any CPU
		{98091A91-EC2A-4B0F-9400-89FC8CBCAC8B}.CATA|x86.ActiveCfg = Classic|Any CPU
		{98091A91-EC2A-4B0F-9400-89FC8CBCAC8B}.CATA|x86.Build.0 = Classic|Any CPU
		{98091A91-EC2A-4B0F-9400-89FC8CBCAC8B}.Classic|Any CPU.ActiveCfg = Classic|Any CPU
		{98091A91-EC2A-4B0F-9400-89FC8CBCAC8B}.Classic|Any CPU.Build.0 = Classic|Any CPU
		{98091A91-EC2A-4B0F-9400-89FC8CBCAC8B}.Classic|x86.ActiveCfg = Release|Any CPU
		{98091A91-EC2A-4B0F-9400-89FC8CBCAC8B}.PTR|Any CPU.ActiveCfg = Release|Any CPU
		{98091A91-EC2A-4B0F-9400-89FC8CBCAC8B}.PTR|Any CPU.Build.0 = Release|Any CPU
		{98091A91-EC2A-4B0F-9400-89FC8CBCAC8B}.PTR|x86.ActiveCfg = Release|Any CPU
		{98091A91-EC2A-4B0F-9400-89FC8CBCAC8B}.PTR|x86.Build.0 = Release|Any CPU
		{98091A91-EC2A-4B0F-9400-89FC8CBCAC8B}.Retail_Debug|Any CPU.ActiveCfg = Debug|Any CPU
		{98091A91-EC2A-4B0F-9400-89FC8CBCAC8B}.Retail_Debug|Any CPU.Build.0 = Debug|Any CPU
		{98091A91-EC2A-4B0F-9400-89FC8CBCAC8B}.Retail_Debug|x86.ActiveCfg = Release|Any CPU
		{98091A91-EC2A-4B0F-9400-89FC8CBCAC8B}.Retail|Any CPU.ActiveCfg = Release|Any CPU
		{98091A91-EC2A-4B0F-9400-89FC8CBCAC8B}.Retail|Any CPU.Build.0 = Release|Any CPU
		{98091A91-EC2A-4B0F-9400-89FC8CBCAC8B}.Retail|x86.ActiveCfg = Release|Any CPU
		{98091A91-EC2A-4B0F-9400-89FC8CBCAC8B}.TBC|Any CPU.ActiveCfg = Classic|Any CPU
		{98091A91-EC2A-4B0F-9400-89FC8CBCAC8B}.TBC|Any CPU.Build.0 = Classic|Any CPU
		{98091A91-EC2A-4B0F-9400-89FC8CBCAC8B}.TBC|x86.ActiveCfg = Release|Any CPU
		{98091A91-EC2A-4B0F-9400-89FC8CBCAC8B}.Wrath|Any CPU.ActiveCfg = Classic|Any CPU
		{98091A91-EC2A-4B0F-9400-89FC8CBCAC8B}.Wrath|Any CPU.Build.0 = Classic|Any CPU
		{98091A91-EC2A-4B0F-9400-89FC8CBCAC8B}.Wrath|x86.ActiveCfg = Debug|Any CPU
		{98091A91-EC2A-4B0F-9400-89FC8CBCAC8B}.Wrath|x86.Build.0 = Debug|Any CPU
		{5BC33C43-A046-4716-AD91-1CB1DEDCB5AD}.CATA|Any CPU.ActiveCfg = Debug|Any CPU
		{5BC33C43-A046-4716-AD91-1CB1DEDCB5AD}.CATA|x86.ActiveCfg = Release|Any CPU
		{5BC33C43-A046-4716-AD91-1CB1DEDCB5AD}.CATA|x86.Build.0 = Release|Any CPU
		{5BC33C43-A046-4716-AD91-1CB1DEDCB5AD}.Classic|Any CPU.ActiveCfg = Debug|Any CPU
		{5BC33C43-A046-4716-AD91-1CB1DEDCB5AD}.Classic|x86.ActiveCfg = Debug|Any CPU
		{5BC33C43-A046-4716-AD91-1CB1DEDCB5AD}.Classic|x86.Build.0 = Debug|Any CPU
		{5BC33C43-A046-4716-AD91-1CB1DEDCB5AD}.PTR|Any CPU.ActiveCfg = Debug|Any CPU
		{5BC33C43-A046-4716-AD91-1CB1DEDCB5AD}.PTR|Any CPU.Build.0 = Debug|Any CPU
		{5BC33C43-A046-4716-AD91-1CB1DEDCB5AD}.PTR|x86.ActiveCfg = Debug|Any CPU
		{5BC33C43-A046-4716-AD91-1CB1DEDCB5AD}.PTR|x86.Build.0 = Debug|Any CPU
		{5BC33C43-A046-4716-AD91-1CB1DEDCB5AD}.Retail_Debug|Any CPU.ActiveCfg = Debug|Any CPU
		{5BC33C43-A046-4716-AD91-1CB1DEDCB5AD}.Retail_Debug|Any CPU.Build.0 = Debug|Any CPU
		{5BC33C43-A046-4716-AD91-1CB1DEDCB5AD}.Retail_Debug|x86.ActiveCfg = Debug|Any CPU
		{5BC33C43-A046-4716-AD91-1CB1DEDCB5AD}.Retail|Any CPU.ActiveCfg = Release|Any CPU
		{5BC33C43-A046-4716-AD91-1CB1DEDCB5AD}.Retail|Any CPU.Build.0 = Release|Any CPU
		{5BC33C43-A046-4716-AD91-1CB1DEDCB5AD}.Retail|x86.ActiveCfg = Release|Any CPU
		{5BC33C43-A046-4716-AD91-1CB1DEDCB5AD}.Retail|x86.Build.0 = Release|Any CPU
		{5BC33C43-A046-4716-AD91-1CB1DEDCB5AD}.TBC|Any CPU.ActiveCfg = Debug|Any CPU
		{5BC33C43-A046-4716-AD91-1CB1DEDCB5AD}.TBC|x86.ActiveCfg = Debug|Any CPU
		{5BC33C43-A046-4716-AD91-1CB1DEDCB5AD}.TBC|x86.Build.0 = Debug|Any CPU
		{5BC33C43-A046-4716-AD91-1CB1DEDCB5AD}.Wrath|Any CPU.ActiveCfg = Debug|Any CPU
		{5BC33C43-A046-4716-AD91-1CB1DEDCB5AD}.Wrath|x86.ActiveCfg = Release|Any CPU
		{5BC33C43-A046-4716-AD91-1CB1DEDCB5AD}.Wrath|x86.Build.0 = Release|Any CPU
	EndGlobalSection
	GlobalSection(SolutionProperties) = preSolution
		HideSolutionNode = FALSE
	EndGlobalSection
	GlobalSection(ExtensibilityGlobals) = postSolution
		SolutionGuid = {DD19410C-AC50-42F9-A7E5-71EBFC0D91EE}
	EndGlobalSection
EndGlobal
