
Microsoft Visual Studio Solution File, Format Version 12.00
# Visual Studio Version 17
VisualStudioVersion = 17.4.33213.308
MinimumVisualStudioVersion = 10.0.40219.1
Project("{FAE04EC0-301F-11D3-BF4B-00C04F79EFBC}") = "Parser V2", "Parser V2.csproj", "{47D83200-8E21-487B-8F44-B08C7A1CBC82}"
EndProject
Project("{FAE04EC0-301F-11D3-BF4B-00C04F79EFBC}") = "ATT", "..\ATT\ATT.csproj", "{98091A91-EC2A-4B0F-9400-89FC8CBCAC8B}"
EndProject
Project("{FAE04EC0-301F-11D3-BF4B-00C04F79EFBC}") = "Item DB Compiler", "..\Item DB Compiler\Item DB Compiler.csproj", "{5BC33C43-A046-4716-AD91-1CB1DEDCB5AD}"
EndProject
Global
	GlobalSection(SolutionConfigurationPlatforms) = preSolution
		Classic (01 - Vanilla)|Any CPU = Classic (01 - Vanilla)|Any CPU
		Classic (01 - Vanilla)|x86 = Classic (01 - Vanilla)|x86
		Classic (02 - The Burning Crusade)|Any CPU = Classic (02 - The Burning Crusade)|Any CPU
		Classic (02 - The Burning Crusade)|x86 = Classic (02 - The Burning Crusade)|x86
		Classic (03 - Wrath)|Any CPU = Classic (03 - Wrath)|Any CPU
		Classic (03 - Wrath)|x86 = Classic (03 - Wrath)|x86
		Classic (04 - Cataclysm)|Any CPU = Classic (04 - Cataclysm)|Any CPU
		Classic (04 - Cataclysm)|x86 = Classic (04 - Cataclysm)|x86
		Classic (10 - Dragonflight)|Any CPU = Classic (10 - Dragonflight)|Any CPU
		Classic (10 - Dragonflight)|x86 = Classic (10 - Dragonflight)|x86
		Retail_Debug|Any CPU = Retail_Debug|Any CPU
		Retail_Debug|x86 = Retail_Debug|x86
		Retail|Any CPU = Retail|Any CPU
		Retail|x86 = Retail|x86
	EndGlobalSection
	GlobalSection(ProjectConfigurationPlatforms) = postSolution
		{47D83200-8E21-487B-8F44-B08C7A1CBC82}.Classic (01 - Vanilla)|Any CPU.ActiveCfg = Classic (01 - Vanilla)|x86
		{47D83200-8E21-487B-8F44-B08C7A1CBC82}.Classic (01 - Vanilla)|Any CPU.Build.0 = Classic (01 - Vanilla)|x86
		{47D83200-8E21-487B-8F44-B08C7A1CBC82}.Classic (01 - Vanilla)|x86.ActiveCfg = Classic (01 - Vanilla)|x86
		{47D83200-8E21-487B-8F44-B08C7A1CBC82}.Classic (01 - Vanilla)|x86.Build.0 = Classic (01 - Vanilla)|x86
		{47D83200-8E21-487B-8F44-B08C7A1CBC82}.Classic (02 - The Burning Crusade)|Any CPU.ActiveCfg = Classic (02 - The Burning Crusade)|x86
		{47D83200-8E21-487B-8F44-B08C7A1CBC82}.Classic (02 - The Burning Crusade)|Any CPU.Build.0 = Classic (02 - The Burning Crusade)|x86
		{47D83200-8E21-487B-8F44-B08C7A1CBC82}.Classic (02 - The Burning Crusade)|x86.ActiveCfg = Classic (02 - The Burning Crusade)|x86
		{47D83200-8E21-487B-8F44-B08C7A1CBC82}.Classic (02 - The Burning Crusade)|x86.Build.0 = Classic (02 - The Burning Crusade)|x86
		{47D83200-8E21-487B-8F44-B08C7A1CBC82}.Classic (03 - Wrath)|Any CPU.ActiveCfg = Classic (03 - Wrath of the Lich King)|x86
		{47D83200-8E21-487B-8F44-B08C7A1CBC82}.Classic (03 - Wrath)|Any CPU.Build.0 = Classic (03 - Wrath of the Lich King)|x86
		{47D83200-8E21-487B-8F44-B08C7A1CBC82}.Classic (03 - Wrath)|x86.ActiveCfg = Classic (03 - Wrath of the Lich King)|x86
		{47D83200-8E21-487B-8F44-B08C7A1CBC82}.Classic (03 - Wrath)|x86.Build.0 = Classic (03 - Wrath of the Lich King)|x86
		{47D83200-8E21-487B-8F44-B08C7A1CBC82}.Classic (04 - Cataclysm)|Any CPU.ActiveCfg = Classic (04 - Cataclysm)|x86
		{47D83200-8E21-487B-8F44-B08C7A1CBC82}.Classic (04 - Cataclysm)|Any CPU.Build.0 = Classic (04 - Cataclysm)|x86
		{47D83200-8E21-487B-8F44-B08C7A1CBC82}.Classic (04 - Cataclysm)|x86.ActiveCfg = Classic (04 - Cataclysm)|x86
		{47D83200-8E21-487B-8F44-B08C7A1CBC82}.Classic (04 - Cataclysm)|x86.Build.0 = Classic (04 - Cataclysm)|x86
		{47D83200-8E21-487B-8F44-B08C7A1CBC82}.Classic (10 - Dragonflight)|Any CPU.ActiveCfg = Classic (10 - Dragonflight)|x86
		{47D83200-8E21-487B-8F44-B08C7A1CBC82}.Classic (10 - Dragonflight)|Any CPU.Build.0 = Classic (10 - Dragonflight)|x86
		{47D83200-8E21-487B-8F44-B08C7A1CBC82}.Classic (10 - Dragonflight)|x86.ActiveCfg = Classic (10 - Dragonflight)|x86
		{47D83200-8E21-487B-8F44-B08C7A1CBC82}.Classic (10 - Dragonflight)|x86.Build.0 = Classic (10 - Dragonflight)|x86
		{47D83200-8E21-487B-8F44-B08C7A1CBC82}.Retail_Debug|Any CPU.ActiveCfg = Retail_Debug|x86
		{47D83200-8E21-487B-8F44-B08C7A1CBC82}.Retail_Debug|Any CPU.Build.0 = Retail_Debug|x86
		{47D83200-8E21-487B-8F44-B08C7A1CBC82}.Retail_Debug|x86.ActiveCfg = Retail|x86
		{47D83200-8E21-487B-8F44-B08C7A1CBC82}.Retail|Any CPU.ActiveCfg = Retail|x86
		{47D83200-8E21-487B-8F44-B08C7A1CBC82}.Retail|Any CPU.Build.0 = Retail|x86
		{47D83200-8E21-487B-8F44-B08C7A1CBC82}.Retail|x86.ActiveCfg = Retail|x86
		{47D83200-8E21-487B-8F44-B08C7A1CBC82}.Retail|x86.Build.0 = Retail|x86
		{98091A91-EC2A-4B0F-9400-89FC8CBCAC8B}.Classic (01 - Vanilla)|Any CPU.ActiveCfg = Classic|Any CPU
		{98091A91-EC2A-4B0F-9400-89FC8CBCAC8B}.Classic (01 - Vanilla)|Any CPU.Build.0 = Classic|Any CPU
		{98091A91-EC2A-4B0F-9400-89FC8CBCAC8B}.Classic (01 - Vanilla)|x86.ActiveCfg = Release|Any CPU
		{98091A91-EC2A-4B0F-9400-89FC8CBCAC8B}.Classic (02 - The Burning Crusade)|Any CPU.ActiveCfg = Classic|Any CPU
		{98091A91-EC2A-4B0F-9400-89FC8CBCAC8B}.Classic (02 - The Burning Crusade)|Any CPU.Build.0 = Classic|Any CPU
		{98091A91-EC2A-4B0F-9400-89FC8CBCAC8B}.Classic (02 - The Burning Crusade)|x86.ActiveCfg = Release|Any CPU
		{98091A91-EC2A-4B0F-9400-89FC8CBCAC8B}.Classic (03 - Wrath)|Any CPU.ActiveCfg = Classic|Any CPU
		{98091A91-EC2A-4B0F-9400-89FC8CBCAC8B}.Classic (03 - Wrath)|Any CPU.Build.0 = Classic|Any CPU
		{98091A91-EC2A-4B0F-9400-89FC8CBCAC8B}.Classic (03 - Wrath)|x86.ActiveCfg = Debug|Any CPU
		{98091A91-EC2A-4B0F-9400-89FC8CBCAC8B}.Classic (03 - Wrath)|x86.Build.0 = Debug|Any CPU
		{98091A91-EC2A-4B0F-9400-89FC8CBCAC8B}.Classic (04 - Cataclysm)|Any CPU.ActiveCfg = Classic|Any CPU
		{98091A91-EC2A-4B0F-9400-89FC8CBCAC8B}.Classic (04 - Cataclysm)|Any CPU.Build.0 = Classic|Any CPU
		{98091A91-EC2A-4B0F-9400-89FC8CBCAC8B}.Classic (04 - Cataclysm)|x86.ActiveCfg = Classic|Any CPU
		{98091A91-EC2A-4B0F-9400-89FC8CBCAC8B}.Classic (04 - Cataclysm)|x86.Build.0 = Classic|Any CPU
		{98091A91-EC2A-4B0F-9400-89FC8CBCAC8B}.Classic (10 - Dragonflight)|Any CPU.ActiveCfg = Classic|Any CPU
		{98091A91-EC2A-4B0F-9400-89FC8CBCAC8B}.Classic (10 - Dragonflight)|Any CPU.Build.0 = Classic|Any CPU
		{98091A91-EC2A-4B0F-9400-89FC8CBCAC8B}.Classic (10 - Dragonflight)|x86.ActiveCfg = Classic|Any CPU
		{98091A91-EC2A-4B0F-9400-89FC8CBCAC8B}.Classic (10 - Dragonflight)|x86.Build.0 = Classic|Any CPU
		{98091A91-EC2A-4B0F-9400-89FC8CBCAC8B}.Retail_Debug|Any CPU.ActiveCfg = Debug|Any CPU
		{98091A91-EC2A-4B0F-9400-89FC8CBCAC8B}.Retail_Debug|Any CPU.Build.0 = Debug|Any CPU
		{98091A91-EC2A-4B0F-9400-89FC8CBCAC8B}.Retail_Debug|x86.ActiveCfg = Release|Any CPU
		{98091A91-EC2A-4B0F-9400-89FC8CBCAC8B}.Retail|Any CPU.ActiveCfg = Release|Any CPU
		{98091A91-EC2A-4B0F-9400-89FC8CBCAC8B}.Retail|Any CPU.Build.0 = Release|Any CPU
		{98091A91-EC2A-4B0F-9400-89FC8CBCAC8B}.Retail|x86.ActiveCfg = Release|Any CPU
		{5BC33C43-A046-4716-AD91-1CB1DEDCB5AD}.Classic (01 - Vanilla)|Any CPU.ActiveCfg = Debug|Any CPU
		{5BC33C43-A046-4716-AD91-1CB1DEDCB5AD}.Classic (01 - Vanilla)|x86.ActiveCfg = Debug|Any CPU
		{5BC33C43-A046-4716-AD91-1CB1DEDCB5AD}.Classic (01 - Vanilla)|x86.Build.0 = Debug|Any CPU
		{5BC33C43-A046-4716-AD91-1CB1DEDCB5AD}.Classic (02 - The Burning Crusade)|Any CPU.ActiveCfg = Debug|Any CPU
		{5BC33C43-A046-4716-AD91-1CB1DEDCB5AD}.Classic (02 - The Burning Crusade)|x86.ActiveCfg = Debug|Any CPU
		{5BC33C43-A046-4716-AD91-1CB1DEDCB5AD}.Classic (02 - The Burning Crusade)|x86.Build.0 = Debug|Any CPU
		{5BC33C43-A046-4716-AD91-1CB1DEDCB5AD}.Classic (03 - Wrath)|Any CPU.ActiveCfg = Debug|Any CPU
		{5BC33C43-A046-4716-AD91-1CB1DEDCB5AD}.Classic (03 - Wrath)|x86.ActiveCfg = Release|Any CPU
		{5BC33C43-A046-4716-AD91-1CB1DEDCB5AD}.Classic (03 - Wrath)|x86.Build.0 = Release|Any CPU
		{5BC33C43-A046-4716-AD91-1CB1DEDCB5AD}.Classic (04 - Cataclysm)|Any CPU.ActiveCfg = Debug|Any CPU
		{5BC33C43-A046-4716-AD91-1CB1DEDCB5AD}.Classic (04 - Cataclysm)|x86.ActiveCfg = Release|Any CPU
		{5BC33C43-A046-4716-AD91-1CB1DEDCB5AD}.Classic (04 - Cataclysm)|x86.Build.0 = Release|Any CPU
		{5BC33C43-A046-4716-AD91-1CB1DEDCB5AD}.Classic (10 - Dragonflight)|Any CPU.ActiveCfg = Debug|Any CPU
		{5BC33C43-A046-4716-AD91-1CB1DEDCB5AD}.Classic (10 - Dragonflight)|x86.ActiveCfg = Release|Any CPU
		{5BC33C43-A046-4716-AD91-1CB1DEDCB5AD}.Classic (10 - Dragonflight)|x86.Build.0 = Release|Any CPU
		{5BC33C43-A046-4716-AD91-1CB1DEDCB5AD}.Retail_Debug|Any CPU.ActiveCfg = Debug|Any CPU
		{5BC33C43-A046-4716-AD91-1CB1DEDCB5AD}.Retail_Debug|Any CPU.Build.0 = Debug|Any CPU
		{5BC33C43-A046-4716-AD91-1CB1DEDCB5AD}.Retail_Debug|x86.ActiveCfg = Debug|Any CPU
		{5BC33C43-A046-4716-AD91-1CB1DEDCB5AD}.Retail|Any CPU.ActiveCfg = Release|Any CPU
		{5BC33C43-A046-4716-AD91-1CB1DEDCB5AD}.Retail|Any CPU.Build.0 = Release|Any CPU
		{5BC33C43-A046-4716-AD91-1CB1DEDCB5AD}.Retail|x86.ActiveCfg = Release|Any CPU
		{5BC33C43-A046-4716-AD91-1CB1DEDCB5AD}.Retail|x86.Build.0 = Release|Any CPU
	EndGlobalSection
	GlobalSection(SolutionProperties) = preSolution
		HideSolutionNode = FALSE
	EndGlobalSection
	GlobalSection(ExtensibilityGlobals) = postSolution
		SolutionGuid = {DD19410C-AC50-42F9-A7E5-71EBFC0D91EE}
	EndGlobalSection
EndGlobal
